{
  "name": "action-scheduler",
  "version": "4.0.0",
  "lockfileVersion": 2,
  "requires": true,
  "packages": {
    "": {
      "name": "action-scheduler",
      "version": "3.9.3",
      "license": "GPL-3.0+",
      "engines": {
        "node": ">=16.0.0",
        "npm": ">=8.0.0"
      }
    }
  }
}
